
Microsoft Visual Studio Solution File, Format Version 12.00
# Visual Studio 15
VisualStudioVersion = 15.0.28010.2026
MinimumVisualStudioVersion = 10.0.40219.1
Project("{FAE04EC0-301F-11D3-BF4B-00C04F79EFBC}") = "Core", "Core\Core.csproj", "{3A503896-9F0E-40BE-A384-0A9F6F6E8106}"
EndProject
Project("{FAE04EC0-301F-11D3-BF4B-00C04F79EFBC}") = "20181207", "20181207\20181207.csproj", "{1A4B8A61-CBD5-4F77-A420-DEFE5C826EAC}"
EndProject
Global
	GlobalSection(SolutionConfigurationPlatforms) = preSolution
		Debug|Any CPU = Debug|Any CPU
		Release|Any CPU = Release|Any CPU
	EndGlobalSection
	GlobalSection(ProjectConfigurationPlatforms) = postSolution
		{3A503896-9F0E-40BE-A384-0A9F6F6E8106}.Debug|Any CPU.ActiveCfg = Debug|Any CPU
		{3A503896-9F0E-40BE-A384-0A9F6F6E8106}.Debug|Any CPU.Build.0 = Debug|Any CPU
		{3A503896-9F0E-40BE-A384-0A9F6F6E8106}.Release|Any CPU.ActiveCfg = Release|Any CPU
		{3A503896-9F0E-40BE-A384-0A9F6F6E8106}.Release|Any CPU.Build.0 = Release|Any CPU
		{1A4B8A61-CBD5-4F77-A420-DEFE5C826EAC}.Debug|Any CPU.ActiveCfg = Debug|Any CPU
		{1A4B8A61-CBD5-4F77-A420-DEFE5C826EAC}.Debug|Any CPU.Build.0 = Debug|Any CPU
		{1A4B8A61-CBD5-4F77-A420-DEFE5C826EAC}.Release|Any CPU.ActiveCfg = Release|Any CPU
		{1A4B8A61-CBD5-4F77-A420-DEFE5C826EAC}.Release|Any CPU.Build.0 = Release|Any CPU
	EndGlobalSection
	GlobalSection(SolutionProperties) = preSolution
		HideSolutionNode = FALSE
	EndGlobalSection
	GlobalSection(ExtensibilityGlobals) = postSolution
		SolutionGuid = {E8D5200F-057F-4419-BDA3-FFBE4FD5C2C8}
	EndGlobalSection
EndGlobal
